
Microsoft Visual Studio Solution File, Format Version 12.00
# Visual Studio Version 16
VisualStudioVersion = 16.0.32630.194
MinimumVisualStudioVersion = 10.0.40219.1
Project("{FAE04EC0-301F-11D3-BF4B-00C04F79EFBC}") = "ReginaldBot", "ReginaldBot.csproj", "{02B6ED87-4DB2-4CE9-8CE1-A102B2E84971}"
EndProject
Global
	GlobalSection(SolutionConfigurationPlatforms) = preSolution
		Debug|Any CPU = Debug|Any CPU
		Release|Any CPU = Release|Any CPU
	EndGlobalSection
	GlobalSection(ProjectConfigurationPlatforms) = postSolution
		{02B6ED87-4DB2-4CE9-8CE1-A102B2E84971}.Debug|Any CPU.ActiveCfg = Debug|Any CPU
		{02B6ED87-4DB2-4CE9-8CE1-A102B2E84971}.Debug|Any CPU.Build.0 = Debug|Any CPU
		{02B6ED87-4DB2-4CE9-8CE1-A102B2E84971}.Release|Any CPU.ActiveCfg = Release|Any CPU
		{02B6ED87-4DB2-4CE9-8CE1-A102B2E84971}.Release|Any CPU.Build.0 = Release|Any CPU
	EndGlobalSection
	GlobalSection(SolutionProperties) = preSolution
		HideSolutionNode = FALSE
	EndGlobalSection
	GlobalSection(ExtensibilityGlobals) = postSolution
		SolutionGuid = {AE801A97-2D4F-4C0C-95BE-F2118A0A033F}
	EndGlobalSection
EndGlobal
